// !$*UTF8*$!
{
	archiveVersion = 1;
	classes = {
	};
	objectVersion = 46;
	objects = {

/* Begin PBXBuildFile section */
		EB84002522A528C100156991 /* CallDirectoryHandler.swift in Sources */ = {isa = PBXBuildFile; fileRef = EB84002422A528C100156991 /* CallDirectoryHandler.swift */; };
		EB84002922A528C100156991 /* AxasCallExtension.appex in Embed App Extensions */ = {isa = PBXBuildFile; fileRef = EB84002222A528C100156991 /* AxasCallExtension.appex */; settings = {ATTRIBUTES = (RemoveHeadersOnCopy, ); }; };
		EB84003222A5317700156991 /* LineReader.swift in Sources */ = {isa = PBXBuildFile; fileRef = EB84003122A5317700156991 /* LineReader.swift */; };
		EBB962DD22A2958800E9AAED /* AppDelegate.swift in Sources */ = {isa = PBXBuildFile; fileRef = EBB962DC22A2958800E9AAED /* AppDelegate.swift */; };
		EBB962DF22A2958800E9AAED /* SplashView.swift in Sources */ = {isa = PBXBuildFile; fileRef = EBB962DE22A2958800E9AAED /* SplashView.swift */; };
		EBB962E222A2958800E9AAED /* Main.storyboard in Resources */ = {isa = PBXBuildFile; fileRef = EBB962E022A2958800E9AAED /* Main.storyboard */; };
		EBB962E422A2958900E9AAED /* Assets.xcassets in Resources */ = {isa = PBXBuildFile; fileRef = EBB962E322A2958900E9AAED /* Assets.xcassets */; };
		EBB962E722A2958900E9AAED /* LaunchScreen.storyboard in Resources */ = {isa = PBXBuildFile; fileRef = EBB962E522A2958900E9AAED /* LaunchScreen.storyboard */; };
		EBB962F922A2960800E9AAED /* SwiftHTTP.framework in Frameworks */ = {isa = PBXBuildFile; fileRef = EBB962F622A295FA00E9AAED /* SwiftHTTP.framework */; };
		EBB962FA22A2960800E9AAED /* SwiftHTTP.framework in Embed Frameworks */ = {isa = PBXBuildFile; fileRef = EBB962F622A295FA00E9AAED /* SwiftHTTP.framework */; settings = {ATTRIBUTES = (CodeSignOnCopy, RemoveHeadersOnCopy, ); }; };
		EBB962FF22A297F400E9AAED /* LoginViewController.swift in Sources */ = {isa = PBXBuildFile; fileRef = EBB962FE22A297F400E9AAED /* LoginViewController.swift */; };
		EBB9630122A2B7A900E9AAED /* CodeViewController.swift in Sources */ = {isa = PBXBuildFile; fileRef = EBB9630022A2B7A900E9AAED /* CodeViewController.swift */; };
		EBB9630322A2F20400E9AAED /* AccountViewController.swift in Sources */ = {isa = PBXBuildFile; fileRef = EBB9630222A2F20400E9AAED /* AccountViewController.swift */; };
		EBB9630522A2F5A400E9AAED /* RegistrationViewController.swift in Sources */ = {isa = PBXBuildFile; fileRef = EBB9630422A2F5A400E9AAED /* RegistrationViewController.swift */; };
		EBB9630922A305BF00E9AAED /* WebKit.framework in Frameworks */ = {isa = PBXBuildFile; fileRef = EBB9630822A305BF00E9AAED /* WebKit.framework */; };
		EBB9630B22A3129900E9AAED /* AVFoundation.framework in Frameworks */ = {isa = PBXBuildFile; fileRef = EBB9630A22A3129900E9AAED /* AVFoundation.framework */; };
		EBB9631122A36DE200E9AAED /* SupportViewController.swift in Sources */ = {isa = PBXBuildFile; fileRef = EBB9631022A36DE200E9AAED /* SupportViewController.swift */; };
		EBB9631322A4EB6800E9AAED /* Reachability.swift in Sources */ = {isa = PBXBuildFile; fileRef = EBB9631222A4EB6800E9AAED /* Reachability.swift */; };
/* End PBXBuildFile section */

/* Begin PBXContainerItemProxy section */
		EB84002722A528C100156991 /* PBXContainerItemProxy */ = {
			isa = PBXContainerItemProxy;
			containerPortal = EBB962D122A2958800E9AAED /* Project object */;
			proxyType = 1;
			remoteGlobalIDString = EB84002122A528C100156991;
			remoteInfo = AxasCallExtension;
		};
		EBB962F522A295FA00E9AAED /* PBXContainerItemProxy */ = {
			isa = PBXContainerItemProxy;
			containerPortal = EBB962F022A295FA00E9AAED /* SwiftHTTP.xcodeproj */;
			proxyType = 2;
			remoteGlobalIDString = 6BFD901619C8D8B500DD99B6;
			remoteInfo = SwiftHTTP;
		};
		EBB962F722A295FA00E9AAED /* PBXContainerItemProxy */ = {
			isa = PBXContainerItemProxy;
			containerPortal = EBB962F022A295FA00E9AAED /* SwiftHTTP.xcodeproj */;
			proxyType = 2;
			remoteGlobalIDString = 6BFD902119C8D8B500DD99B6;
			remoteInfo = SwiftHTTPTests;
		};
		EBB962FB22A2960800E9AAED /* PBXContainerItemProxy */ = {
			isa = PBXContainerItemProxy;
			containerPortal = EBB962F022A295FA00E9AAED /* SwiftHTTP.xcodeproj */;
			proxyType = 1;
			remoteGlobalIDString = 6BFD901519C8D8B500DD99B6;
			remoteInfo = SwiftHTTP;
		};
/* End PBXContainerItemProxy section */

/* Begin PBXCopyFilesBuildPhase section */
		EB84002E22A528C100156991 /* Embed App Extensions */ = {
			isa = PBXCopyFilesBuildPhase;
			buildActionMask = 2147483647;
			dstPath = "";
			dstSubfolderSpec = 13;
			files = (
				EB84002922A528C100156991 /* AxasCallExtension.appex in Embed App Extensions */,
			);
			name = "Embed App Extensions";
			runOnlyForDeploymentPostprocessing = 0;
		};
		EBB962FD22A2960800E9AAED /* Embed Frameworks */ = {
			isa = PBXCopyFilesBuildPhase;
			buildActionMask = 2147483647;
			dstPath = "";
			dstSubfolderSpec = 10;
			files = (
				EBB962FA22A2960800E9AAED /* SwiftHTTP.framework in Embed Frameworks */,
			);
			name = "Embed Frameworks";
			runOnlyForDeploymentPostprocessing = 0;
		};
/* End PBXCopyFilesBuildPhase section */

/* Begin PBXFileReference section */
		EB84002222A528C100156991 /* AxasCallExtension.appex */ = {isa = PBXFileReference; explicitFileType = "wrapper.app-extension"; includeInIndex = 0; path = AxasCallExtension.appex; sourceTree = BUILT_PRODUCTS_DIR; };
		EB84002422A528C100156991 /* CallDirectoryHandler.swift */ = {isa = PBXFileReference; lastKnownFileType = sourcecode.swift; path = CallDirectoryHandler.swift; sourceTree = "<group>"; };
		EB84002622A528C100156991 /* Info.plist */ = {isa = PBXFileReference; lastKnownFileType = text.plist.xml; path = Info.plist; sourceTree = "<group>"; };
		EB84002F22A528E800156991 /* PhoneCheck.entitlements */ = {isa = PBXFileReference; lastKnownFileType = text.plist.entitlements; path = PhoneCheck.entitlements; sourceTree = "<group>"; };
		EB84003022A528FA00156991 /* AxasCallExtension.entitlements */ = {isa = PBXFileReference; lastKnownFileType = text.plist.entitlements; path = AxasCallExtension.entitlements; sourceTree = "<group>"; };
		EB84003122A5317700156991 /* LineReader.swift */ = {isa = PBXFileReference; lastKnownFileType = sourcecode.swift; path = LineReader.swift; sourceTree = "<group>"; };
		EBB962D922A2958800E9AAED /* PhoneCheck.app */ = {isa = PBXFileReference; explicitFileType = wrapper.application; includeInIndex = 0; path = PhoneCheck.app; sourceTree = BUILT_PRODUCTS_DIR; };
		EBB962DC22A2958800E9AAED /* AppDelegate.swift */ = {isa = PBXFileReference; lastKnownFileType = sourcecode.swift; path = AppDelegate.swift; sourceTree = "<group>"; };
		EBB962DE22A2958800E9AAED /* SplashView.swift */ = {isa = PBXFileReference; lastKnownFileType = sourcecode.swift; path = SplashView.swift; sourceTree = "<group>"; };
		EBB962E122A2958800E9AAED /* Base */ = {isa = PBXFileReference; lastKnownFileType = file.storyboard; name = Base; path = Base.lproj/Main.storyboard; sourceTree = "<group>"; };
		EBB962E322A2958900E9AAED /* Assets.xcassets */ = {isa = PBXFileReference; lastKnownFileType = folder.assetcatalog; path = Assets.xcassets; sourceTree = "<group>"; };
		EBB962E622A2958900E9AAED /* Base */ = {isa = PBXFileReference; lastKnownFileType = file.storyboard; name = Base; path = Base.lproj/LaunchScreen.storyboard; sourceTree = "<group>"; };
		EBB962E822A2958900E9AAED /* Info.plist */ = {isa = PBXFileReference; lastKnownFileType = text.plist.xml; path = Info.plist; sourceTree = "<group>"; };
		EBB962F022A295FA00E9AAED /* SwiftHTTP.xcodeproj */ = {isa = PBXFileReference; lastKnownFileType = "wrapper.pb-project"; name = SwiftHTTP.xcodeproj; path = "SwiftHTTP-master/SwiftHTTP.xcodeproj"; sourceTree = "<group>"; };
		EBB962FE22A297F400E9AAED /* LoginViewController.swift */ = {isa = PBXFileReference; lastKnownFileType = sourcecode.swift; path = LoginViewController.swift; sourceTree = "<group>"; };
		EBB9630022A2B7A900E9AAED /* CodeViewController.swift */ = {isa = PBXFileReference; lastKnownFileType = sourcecode.swift; path = CodeViewController.swift; sourceTree = "<group>"; };
		EBB9630222A2F20400E9AAED /* AccountViewController.swift */ = {isa = PBXFileReference; lastKnownFileType = sourcecode.swift; path = AccountViewController.swift; sourceTree = "<group>"; };
		EBB9630422A2F5A400E9AAED /* RegistrationViewController.swift */ = {isa = PBXFileReference; lastKnownFileType = sourcecode.swift; path = RegistrationViewController.swift; sourceTree = "<group>"; };
		EBB9630822A305BF00E9AAED /* WebKit.framework */ = {isa = PBXFileReference; lastKnownFileType = wrapper.framework; name = WebKit.framework; path = System/Library/Frameworks/WebKit.framework; sourceTree = SDKROOT; };
		EBB9630A22A3129900E9AAED /* AVFoundation.framework */ = {isa = PBXFileReference; lastKnownFileType = wrapper.framework; name = AVFoundation.framework; path = System/Library/Frameworks/AVFoundation.framework; sourceTree = SDKROOT; };
		EBB9631022A36DE200E9AAED /* SupportViewController.swift */ = {isa = PBXFileReference; lastKnownFileType = sourcecode.swift; path = SupportViewController.swift; sourceTree = "<group>"; };
		EBB9631222A4EB6800E9AAED /* Reachability.swift */ = {isa = PBXFileReference; lastKnownFileType = sourcecode.swift; path = Reachability.swift; sourceTree = "<group>"; };
/* End PBXFileReference section */

/* Begin PBXFrameworksBuildPhase section */
		EB84001F22A528C100156991 /* Frameworks */ = {
			isa = PBXFrameworksBuildPhase;
			buildActionMask = 2147483647;
			files = (
			);
			runOnlyForDeploymentPostprocessing = 0;
		};
		EBB962D622A2958800E9AAED /* Frameworks */ = {
			isa = PBXFrameworksBuildPhase;
			buildActionMask = 2147483647;
			files = (
				EBB9630B22A3129900E9AAED /* AVFoundation.framework in Frameworks */,
				EBB9630922A305BF00E9AAED /* WebKit.framework in Frameworks */,
				EBB962F922A2960800E9AAED /* SwiftHTTP.framework in Frameworks */,
			);
			runOnlyForDeploymentPostprocessing = 0;
		};
/* End PBXFrameworksBuildPhase section */

/* Begin PBXGroup section */
		EB84002322A528C100156991 /* AxasCallExtension */ = {
			isa = PBXGroup;
			children = (
				EB84003022A528FA00156991 /* AxasCallExtension.entitlements */,
				EB84002422A528C100156991 /* CallDirectoryHandler.swift */,
				EB84002622A528C100156991 /* Info.plist */,
			);
			path = AxasCallExtension;
			sourceTree = "<group>";
		};
		EBB962D022A2958800E9AAED = {
			isa = PBXGroup;
			children = (
				EBB962F022A295FA00E9AAED /* SwiftHTTP.xcodeproj */,
				EBB962DB22A2958800E9AAED /* PhoneCheck */,
				EB84002322A528C100156991 /* AxasCallExtension */,
				EBB962DA22A2958800E9AAED /* Products */,
				EBB9630722A305BE00E9AAED /* Frameworks */,
			);
			sourceTree = "<group>";
		};
		EBB962DA22A2958800E9AAED /* Products */ = {
			isa = PBXGroup;
			children = (
				EBB962D922A2958800E9AAED /* PhoneCheck.app */,
				EB84002222A528C100156991 /* AxasCallExtension.appex */,
			);
			name = Products;
			sourceTree = "<group>";
		};
		EBB962DB22A2958800E9AAED /* PhoneCheck */ = {
			isa = PBXGroup;
			children = (
				EB84002F22A528E800156991 /* PhoneCheck.entitlements */,
				EBB962DC22A2958800E9AAED /* AppDelegate.swift */,
				EBB962E022A2958800E9AAED /* Main.storyboard */,
				EBB962DE22A2958800E9AAED /* SplashView.swift */,
				EBB962FE22A297F400E9AAED /* LoginViewController.swift */,
				EBB9630022A2B7A900E9AAED /* CodeViewController.swift */,
				EBB9631222A4EB6800E9AAED /* Reachability.swift */,
				EBB9630222A2F20400E9AAED /* AccountViewController.swift */,
				EBB9630422A2F5A400E9AAED /* RegistrationViewController.swift */,
				EBB9631022A36DE200E9AAED /* SupportViewController.swift */,
				EBB962E322A2958900E9AAED /* Assets.xcassets */,
				EBB962E522A2958900E9AAED /* LaunchScreen.storyboard */,
				EBB962E822A2958900E9AAED /* Info.plist */,
				EB84003122A5317700156991 /* LineReader.swift */,
			);
			path = PhoneCheck;
			sourceTree = "<group>";
		};
		EBB962F122A295FA00E9AAED /* Products */ = {
			isa = PBXGroup;
			children = (
				EBB962F622A295FA00E9AAED /* SwiftHTTP.framework */,
				EBB962F822A295FA00E9AAED /* SwiftHTTPTests.xctest */,
			);
			name = Products;
			sourceTree = "<group>";
		};
		EBB9630722A305BE00E9AAED /* Frameworks */ = {
			isa = PBXGroup;
			children = (
				EBB9630A22A3129900E9AAED /* AVFoundation.framework */,
				EBB9630822A305BF00E9AAED /* WebKit.framework */,
			);
			name = Frameworks;
			sourceTree = "<group>";
		};
/* End PBXGroup section */

/* Begin PBXNativeTarget section */
		EB84002122A528C100156991 /* AxasCallExtension */ = {
			isa = PBXNativeTarget;
			buildConfigurationList = EB84002D22A528C100156991 /* Build configuration list for PBXNativeTarget "AxasCallExtension" */;
			buildPhases = (
				EB84001E22A528C100156991 /* Sources */,
				EB84001F22A528C100156991 /* Frameworks */,
				EB84002022A528C100156991 /* Resources */,
			);
			buildRules = (
			);
			dependencies = (
			);
			name = AxasCallExtension;
			productName = AxasCallExtension;
			productReference = EB84002222A528C100156991 /* AxasCallExtension.appex */;
			productType = "com.apple.product-type.app-extension";
		};
		EBB962D822A2958800E9AAED /* PhoneCheck */ = {
			isa = PBXNativeTarget;
			buildConfigurationList = EBB962EB22A2958A00E9AAED /* Build configuration list for PBXNativeTarget "PhoneCheck" */;
			buildPhases = (
				EBB962D522A2958800E9AAED /* Sources */,
				EBB962D622A2958800E9AAED /* Frameworks */,
				EBB962D722A2958800E9AAED /* Resources */,
				EBB962FD22A2960800E9AAED /* Embed Frameworks */,
				EB84002E22A528C100156991 /* Embed App Extensions */,
			);
			buildRules = (
			);
			dependencies = (
				EBB962FC22A2960800E9AAED /* PBXTargetDependency */,
				EB84002822A528C100156991 /* PBXTargetDependency */,
			);
			name = PhoneCheck;
			productName = PhoneCheck;
			productReference = EBB962D922A2958800E9AAED /* PhoneCheck.app */;
			productType = "com.apple.product-type.application";
		};
/* End PBXNativeTarget section */

/* Begin PBXProject section */
		EBB962D122A2958800E9AAED /* Project object */ = {
			isa = PBXProject;
			attributes = {
				LastSwiftUpdateCheck = 1020;
				LastUpgradeCheck = 1020;
				ORGANIZATIONNAME = axas;
				TargetAttributes = {
					EB84002122A528C100156991 = {
						CreatedOnToolsVersion = 10.2.1;
						DevelopmentTeam = 2PTSPBS2JZ;
						ProvisioningStyle = Automatic;
						SystemCapabilities = {
							com.apple.ApplicationGroups.iOS = {
								enabled = 1;
							};
						};
					};
					EBB962D822A2958800E9AAED = {
						CreatedOnToolsVersion = 10.2.1;
						DevelopmentTeam = 2PTSPBS2JZ;
						ProvisioningStyle = Automatic;
						SystemCapabilities = {
							com.apple.ApplicationGroups.iOS = {
								enabled = 1;
							};
						};
					};
				};
			};
			buildConfigurationList = EBB962D422A2958800E9AAED /* Build configuration list for PBXProject "PhoneCheck" */;
			compatibilityVersion = "Xcode 3.2";
			developmentRegion = en;
			hasScannedForEncodings = 0;
			knownRegions = (
				en,
				Base,
			);
			mainGroup = EBB962D022A2958800E9AAED;
			productRefGroup = EBB962DA22A2958800E9AAED /* Products */;
			projectDirPath = "";
			projectReferences = (
				{
					ProductGroup = EBB962F122A295FA00E9AAED /* Products */;
					ProjectRef = EBB962F022A295FA00E9AAED /* SwiftHTTP.xcodeproj */;
				},
			);
			projectRoot = "";
			targets = (
				EBB962D822A2958800E9AAED /* PhoneCheck */,
				EB84002122A528C100156991 /* AxasCallExtension */,
			);
		};
/* End PBXProject section */

/* Begin PBXReferenceProxy section */
		EBB962F622A295FA00E9AAED /* SwiftHTTP.framework */ = {
			isa = PBXReferenceProxy;
			fileType = wrapper.framework;
			path = SwiftHTTP.framework;
			remoteRef = EBB962F522A295FA00E9AAED /* PBXContainerItemProxy */;
			sourceTree = BUILT_PRODUCTS_DIR;
		};
		EBB962F822A295FA00E9AAED /* SwiftHTTPTests.xctest */ = {
			isa = PBXReferenceProxy;
			fileType = wrapper.cfbundle;
			path = SwiftHTTPTests.xctest;
			remoteRef = EBB962F722A295FA00E9AAED /* PBXContainerItemProxy */;
			sourceTree = BUILT_PRODUCTS_DIR;
		};
/* End PBXReferenceProxy section */

/* Begin PBXResourcesBuildPhase section */
		EB84002022A528C100156991 /* Resources */ = {
			isa = PBXResourcesBuildPhase;
			buildActionMask = 2147483647;
			files = (
			);
			runOnlyForDeploymentPostprocessing = 0;
		};
		EBB962D722A2958800E9AAED /* Resources */ = {
			isa = PBXResourcesBuildPhase;
			buildActionMask = 2147483647;
			files = (
				EBB962E722A2958900E9AAED /* LaunchScreen.storyboard in Resources */,
				EBB962E422A2958900E9AAED /* Assets.xcassets in Resources */,
				EBB962E222A2958800E9AAED /* Main.storyboard in Resources */,
			);
			runOnlyForDeploymentPostprocessing = 0;
		};
/* End PBXResourcesBuildPhase section */

/* Begin PBXSourcesBuildPhase section */
		EB84001E22A528C100156991 /* Sources */ = {
			isa = PBXSourcesBuildPhase;
			buildActionMask = 2147483647;
			files = (
				EB84002522A528C100156991 /* CallDirectoryHandler.swift in Sources */,
			);
			runOnlyForDeploymentPostprocessing = 0;
		};
		EBB962D522A2958800E9AAED /* Sources */ = {
			isa = PBXSourcesBuildPhase;
			buildActionMask = 2147483647;
			files = (
				EBB9630522A2F5A400E9AAED /* RegistrationViewController.swift in Sources */,
				EBB962FF22A297F400E9AAED /* LoginViewController.swift in Sources */,
				EBB9631122A36DE200E9AAED /* SupportViewController.swift in Sources */,
				EBB9630322A2F20400E9AAED /* AccountViewController.swift in Sources */,
				EB84003222A5317700156991 /* LineReader.swift in Sources */,
				EBB9630122A2B7A900E9AAED /* CodeViewController.swift in Sources */,
				EBB962DF22A2958800E9AAED /* SplashView.swift in Sources */,
				EBB9631322A4EB6800E9AAED /* Reachability.swift in Sources */,
				EBB962DD22A2958800E9AAED /* AppDelegate.swift in Sources */,
			);
			runOnlyForDeploymentPostprocessing = 0;
		};
/* End PBXSourcesBuildPhase section */

/* Begin PBXTargetDependency section */
		EB84002822A528C100156991 /* PBXTargetDependency */ = {
			isa = PBXTargetDependency;
			target = EB84002122A528C100156991 /* AxasCallExtension */;
			targetProxy = EB84002722A528C100156991 /* PBXContainerItemProxy */;
		};
		EBB962FC22A2960800E9AAED /* PBXTargetDependency */ = {
			isa = PBXTargetDependency;
			name = SwiftHTTP;
			targetProxy = EBB962FB22A2960800E9AAED /* PBXContainerItemProxy */;
		};
/* End PBXTargetDependency section */

/* Begin PBXVariantGroup section */
		EBB962E022A2958800E9AAED /* Main.storyboard */ = {
			isa = PBXVariantGroup;
			children = (
				EBB962E122A2958800E9AAED /* Base */,
			);
			name = Main.storyboard;
			sourceTree = "<group>";
		};
		EBB962E522A2958900E9AAED /* LaunchScreen.storyboard */ = {
			isa = PBXVariantGroup;
			children = (
				EBB962E622A2958900E9AAED /* Base */,
			);
			name = LaunchScreen.storyboard;
			sourceTree = "<group>";
		};
/* End PBXVariantGroup section */

/* Begin XCBuildConfiguration section */
		EB84002A22A528C100156991 /* Debug */ = {
			isa = XCBuildConfiguration;
			buildSettings = {
				ARCHS = "$(ARCHS_STANDARD_64_BIT)";
				CODE_SIGN_ENTITLEMENTS = AxasCallExtension/AxasCallExtension.entitlements;
				CODE_SIGN_STYLE = Automatic;
				DEVELOPMENT_TEAM = 2PTSPBS2JZ;
				INFOPLIST_FILE = AxasCallExtension/Info.plist;
				IPHONEOS_DEPLOYMENT_TARGET = 11.0;
				LD_RUNPATH_SEARCH_PATHS = "$(inherited) @executable_path/Frameworks @executable_path/../../Frameworks";
				PRODUCT_BUNDLE_IDENTIFIER = AXAS.PhoneCheck.AxasCallExtension;
				PRODUCT_NAME = "$(TARGET_NAME)";
				SKIP_INSTALL = YES;
				SWIFT_VERSION = 4.0;
				TARGETED_DEVICE_FAMILY = 1;
			};
			name = Debug;
		};
		EB84002B22A528C100156991 /* Release */ = {
			isa = XCBuildConfiguration;
			buildSettings = {
				ARCHS = "$(ARCHS_STANDARD_64_BIT)";
				CODE_SIGN_ENTITLEMENTS = AxasCallExtension/AxasCallExtension.entitlements;
				CODE_SIGN_STYLE = Automatic;
				DEVELOPMENT_TEAM = 2PTSPBS2JZ;
				INFOPLIST_FILE = AxasCallExtension/Info.plist;
				IPHONEOS_DEPLOYMENT_TARGET = 11.0;
				LD_RUNPATH_SEARCH_PATHS = "$(inherited) @executable_path/Frameworks @executable_path/../../Frameworks";
				PRODUCT_BUNDLE_IDENTIFIER = AXAS.PhoneCheck.AxasCallExtension;
				PRODUCT_NAME = "$(TARGET_NAME)";
				SKIP_INSTALL = YES;
				SWIFT_VERSION = 4.0;
				TARGETED_DEVICE_FAMILY = 1;
			};
			name = Release;
		};
		EBB962E922A2958900E9AAED /* Debug */ = {
			isa = XCBuildConfiguration;
			buildSettings = {
				ALWAYS_SEARCH_USER_PATHS = NO;
				CLANG_ANALYZER_NONNULL = YES;
				CLANG_ANALYZER_NUMBER_OBJECT_CONVERSION = YES_AGGRESSIVE;
				CLANG_CXX_LANGUAGE_STANDARD = "gnu++14";
				CLANG_CXX_LIBRARY = "libc++";
				CLANG_ENABLE_MODULES = YES;
				CLANG_ENABLE_OBJC_ARC = YES;
				CLANG_ENABLE_OBJC_WEAK = YES;
				CLANG_WARN_BLOCK_CAPTURE_AUTORELEASING = YES;
				CLANG_WARN_BOOL_CONVERSION = YES;
				CLANG_WARN_COMMA = YES;
				CLANG_WARN_CONSTANT_CONVERSION = YES;
				CLANG_WARN_DEPRECATED_OBJC_IMPLEMENTATIONS = YES;
				CLANG_WARN_DIRECT_OBJC_ISA_USAGE = YES_ERROR;
				CLANG_WARN_DOCUMENTATION_COMMENTS = YES;
				CLANG_WARN_EMPTY_BODY = YES;
				CLANG_WARN_ENUM_CONVERSION = YES;
				CLANG_WARN_INFINITE_RECURSION = YES;
				CLANG_WARN_INT_CONVERSION = YES;
				CLANG_WARN_NON_LITERAL_NULL_CONVERSION = YES;
				CLANG_WARN_OBJC_IMPLICIT_RETAIN_SELF = YES;
				CLANG_WARN_OBJC_LITERAL_CONVERSION = YES;
				CLANG_WARN_OBJC_ROOT_CLASS = YES_ERROR;
				CLANG_WARN_RANGE_LOOP_ANALYSIS = YES;
				CLANG_WARN_STRICT_PROTOTYPES = YES;
				CLANG_WARN_SUSPICIOUS_MOVE = YES;
				CLANG_WARN_UNGUARDED_AVAILABILITY = YES_AGGRESSIVE;
				CLANG_WARN_UNREACHABLE_CODE = YES;
				CLANG_WARN__DUPLICATE_METHOD_MATCH = YES;
				CODE_SIGN_IDENTITY = "iPhone Developer";
				COPY_PHASE_STRIP = NO;
				DEBUG_INFORMATION_FORMAT = dwarf;
				ENABLE_STRICT_OBJC_MSGSEND = YES;
				ENABLE_TESTABILITY = YES;
				GCC_C_LANGUAGE_STANDARD = gnu11;
				GCC_DYNAMIC_NO_PIC = NO;
				GCC_NO_COMMON_BLOCKS = YES;
				GCC_OPTIMIZATION_LEVEL = 0;
				GCC_PREPROCESSOR_DEFINITIONS = (
					"DEBUG=1",
					"$(inherited)",
				);
				GCC_WARN_64_TO_32_BIT_CONVERSION = YES;
				GCC_WARN_ABOUT_RETURN_TYPE = YES_ERROR;
				GCC_WARN_UNDECLARED_SELECTOR = YES;
				GCC_WARN_UNINITIALIZED_AUTOS = YES_AGGRESSIVE;
				GCC_WARN_UNUSED_FUNCTION = YES;
				GCC_WARN_UNUSED_VARIABLE = YES;
				IPHONEOS_DEPLOYMENT_TARGET = 12.2;
				MTL_ENABLE_DEBUG_INFO = INCLUDE_SOURCE;
				MTL_FAST_MATH = YES;
				ONLY_ACTIVE_ARCH = YES;
				SDKROOT = iphoneos;
				SWIFT_ACTIVE_COMPILATION_CONDITIONS = DEBUG;
				SWIFT_OPTIMIZATION_LEVEL = "-Onone";
			};
			name = Debug;
		};
		EBB962EA22A2958A00E9AAED /* Release */ = {
			isa = XCBuildConfiguration;
			buildSettings = {
				ALWAYS_SEARCH_USER_PATHS = NO;
				CLANG_ANALYZER_NONNULL = YES;
				CLANG_ANALYZER_NUMBER_OBJECT_CONVERSION = YES_AGGRESSIVE;
				CLANG_CXX_LANGUAGE_STANDARD = "gnu++14";
				CLANG_CXX_LIBRARY = "libc++";
				CLANG_ENABLE_MODULES = YES;
				CLANG_ENABLE_OBJC_ARC = YES;
				CLANG_ENABLE_OBJC_WEAK = YES;
				CLANG_WARN_BLOCK_CAPTURE_AUTORELEASING = YES;
				CLANG_WARN_BOOL_CONVERSION = YES;
				CLANG_WARN_COMMA = YES;
				CLANG_WARN_CONSTANT_CONVERSION = YES;
				CLANG_WARN_DEPRECATED_OBJC_IMPLEMENTATIONS = YES;
				CLANG_WARN_DIRECT_OBJC_ISA_USAGE = YES_ERROR;
				CLANG_WARN_DOCUMENTATION_COMMENTS = YES;
				CLANG_WARN_EMPTY_BODY = YES;
				CLANG_WARN_ENUM_CONVERSION = YES;
				CLANG_WARN_INFINITE_RECURSION = YES;
				CLANG_WARN_INT_CONVERSION = YES;
				CLANG_WARN_NON_LITERAL_NULL_CONVERSION = YES;
				CLANG_WARN_OBJC_IMPLICIT_RETAIN_SELF = YES;
				CLANG_WARN_OBJC_LITERAL_CONVERSION = YES;
				CLANG_WARN_OBJC_ROOT_CLASS = YES_ERROR;
				CLANG_WARN_RANGE_LOOP_ANALYSIS = YES;
				CLANG_WARN_STRICT_PROTOTYPES = YES;
				CLANG_WARN_SUSPICIOUS_MOVE = YES;
				CLANG_WARN_UNGUARDED_AVAILABILITY = YES_AGGRESSIVE;
				CLANG_WARN_UNREACHABLE_CODE = YES;
				CLANG_WARN__DUPLICATE_METHOD_MATCH = YES;
				CODE_SIGN_IDENTITY = "iPhone Developer";
				COPY_PHASE_STRIP = NO;
				DEBUG_INFORMATION_FORMAT = "dwarf-with-dsym";
				ENABLE_NS_ASSERTIONS = NO;
				ENABLE_STRICT_OBJC_MSGSEND = YES;
				GCC_C_LANGUAGE_STANDARD = gnu11;
				GCC_NO_COMMON_BLOCKS = YES;
				GCC_WARN_64_TO_32_BIT_CONVERSION = YES;
				GCC_WARN_ABOUT_RETURN_TYPE = YES_ERROR;
				GCC_WARN_UNDECLARED_SELECTOR = YES;
				GCC_WARN_UNINITIALIZED_AUTOS = YES_AGGRESSIVE;
				GCC_WARN_UNUSED_FUNCTION = YES;
				GCC_WARN_UNUSED_VARIABLE = YES;
				IPHONEOS_DEPLOYMENT_TARGET = 12.2;
				MTL_ENABLE_DEBUG_INFO = NO;
				MTL_FAST_MATH = YES;
				SDKROOT = iphoneos;
				SWIFT_OPTIMIZATION_LEVEL = "-Owholemodule";
				VALIDATE_PRODUCT = YES;
			};
			name = Release;
		};
		EBB962EC22A2958A00E9AAED /* Debug */ = {
			isa = XCBuildConfiguration;
			buildSettings = {
				ALWAYS_EMBED_SWIFT_STANDARD_LIBRARIES = YES;
				ASSETCATALOG_COMPILER_APPICON_NAME = AppIcon;
				CODE_SIGN_ENTITLEMENTS = PhoneCheck/PhoneCheck.entitlements;
				CODE_SIGN_STYLE = Automatic;
				DEVELOPMENT_TEAM = 2PTSPBS2JZ;
				INFOPLIST_FILE = PhoneCheck/Info.plist;
				IPHONEOS_DEPLOYMENT_TARGET = 11.0;
				LD_RUNPATH_SEARCH_PATHS = "$(inherited) @executable_path/Frameworks";
				PRODUCT_BUNDLE_IDENTIFIER = AXAS.PhoneCheck;
				PRODUCT_NAME = "$(TARGET_NAME)";
				SWIFT_VERSION = 4.0;
				TARGETED_DEVICE_FAMILY = 1;
			};
			name = Debug;
		};
		EBB962ED22A2958A00E9AAED /* Release */ = {
			isa = XCBuildConfiguration;
			buildSettings = {
				ALWAYS_EMBED_SWIFT_STANDARD_LIBRARIES = YES;
				ASSETCATALOG_COMPILER_APPICON_NAME = AppIcon;
				CODE_SIGN_ENTITLEMENTS = PhoneCheck/PhoneCheck.entitlements;
				CODE_SIGN_STYLE = Automatic;
				DEVELOPMENT_TEAM = 2PTSPBS2JZ;
				INFOPLIST_FILE = PhoneCheck/Info.plist;
				IPHONEOS_DEPLOYMENT_TARGET = 11.0;
				LD_RUNPATH_SEARCH_PATHS = "$(inherited) @executable_path/Frameworks";
				PRODUCT_BUNDLE_IDENTIFIER = AXAS.PhoneCheck;
				PRODUCT_NAME = "$(TARGET_NAME)";
				SWIFT_VERSION = 4.0;
				TARGETED_DEVICE_FAMILY = 1;
			};
			name = Release;
		};
/* End XCBuildConfiguration section */

/* Begin XCConfigurationList section */
		EB84002D22A528C100156991 /* Build configuration list for PBXNativeTarget "AxasCallExtension" */ = {
			isa = XCConfigurationList;
			buildConfigurations = (
				EB84002A22A528C100156991 /* Debug */,
				EB84002B22A528C100156991 /* Release */,
			);
			defaultConfigurationIsVisible = 0;
			defaultConfigurationName = Release;
		};
		EBB962D422A2958800E9AAED /* Build configuration list for PBXProject "PhoneCheck" */ = {
			isa = XCConfigurationList;
			buildConfigurations = (
				EBB962E922A2958900E9AAED /* Debug */,
				EBB962EA22A2958A00E9AAED /* Release */,
			);
			defaultConfigurationIsVisible = 0;
			defaultConfigurationName = Release;
		};
		EBB962EB22A2958A00E9AAED /* Build configuration list for PBXNativeTarget "PhoneCheck" */ = {
			isa = XCConfigurationList;
			buildConfigurations = (
				EBB962EC22A2958A00E9AAED /* Debug */,
				EBB962ED22A2958A00E9AAED /* Release */,
			);
			defaultConfigurationIsVisible = 0;
			defaultConfigurationName = Release;
		};
/* End XCConfigurationList section */
	};
	rootObject = EBB962D122A2958800E9AAED /* Project object */;
}
